
Microsoft Visual Studio Solution File, Format Version 12.00
# Visual Studio Version 16
VisualStudioVersion = 16.0.31702.278
MinimumVisualStudioVersion = 10.0.40219.1
Project("{8BC9CEB8-8B4A-11D0-8D11-00A0C91BC942}") = "лаб3.3", "лаб3.3\лаб3.3.vcxproj", "{921DB897-AEF1-432C-887D-89C54E1ADBE6}"
EndProject
Global
	GlobalSection(SolutionConfigurationPlatforms) = preSolution
		Debug|x64 = Debug|x64
		Debug|x86 = Debug|x86
		Release|x64 = Release|x64
		Release|x86 = Release|x86
	EndGlobalSection
	GlobalSection(ProjectConfigurationPlatforms) = postSolution
		{921DB897-AEF1-432C-887D-89C54E1ADBE6}.Debug|x64.ActiveCfg = Debug|x64
		{921DB897-AEF1-432C-887D-89C54E1ADBE6}.Debug|x64.Build.0 = Debug|x64
		{921DB897-AEF1-432C-887D-89C54E1ADBE6}.Debug|x86.ActiveCfg = Debug|Win32
		{921DB897-AEF1-432C-887D-89C54E1ADBE6}.Debug|x86.Build.0 = Debug|Win32
		{921DB897-AEF1-432C-887D-89C54E1ADBE6}.Release|x64.ActiveCfg = Release|x64
		{921DB897-AEF1-432C-887D-89C54E1ADBE6}.Release|x64.Build.0 = Release|x64
		{921DB897-AEF1-432C-887D-89C54E1ADBE6}.Release|x86.ActiveCfg = Release|Win32
		{921DB897-AEF1-432C-887D-89C54E1ADBE6}.Release|x86.Build.0 = Release|Win32
	EndGlobalSection
	GlobalSection(SolutionProperties) = preSolution
		HideSolutionNode = FALSE
	EndGlobalSection
	GlobalSection(ExtensibilityGlobals) = postSolution
		SolutionGuid = {2138BF7A-65A2-453F-B517-50776E9325F0}
	EndGlobalSection
EndGlobal
